
Microsoft Visual Studio Solution File, Format Version 12.00
# Visual Studio Version 17
VisualStudioVersion = 17.6.33829.357
MinimumVisualStudioVersion = 10.0.40219.1
Project("{9A19103F-16F7-4668-BE54-9A1E7A4F7556}") = "profilefolio", "profilefolio.csproj", "{9419C804-136E-48C3-BAF6-69796F29E894}"
EndProject
Project("{9A19103F-16F7-4668-BE54-9A1E7A4F7556}") = "ProductDAL", "..\ProductDAL\ProductDAL.csproj", "{2B52247F-B213-4696-AFE2-7A9F26F85A6F}"
EndProject
Global
	GlobalSection(SolutionConfigurationPlatforms) = preSolution
		Debug|Any CPU = Debug|Any CPU
		Release|Any CPU = Release|Any CPU
	EndGlobalSection
	GlobalSection(ProjectConfigurationPlatforms) = postSolution
		{9419C804-136E-48C3-BAF6-69796F29E894}.Debug|Any CPU.ActiveCfg = Debug|Any CPU
		{9419C804-136E-48C3-BAF6-69796F29E894}.Debug|Any CPU.Build.0 = Debug|Any CPU
		{9419C804-136E-48C3-BAF6-69796F29E894}.Release|Any CPU.ActiveCfg = Release|Any CPU
		{9419C804-136E-48C3-BAF6-69796F29E894}.Release|Any CPU.Build.0 = Release|Any CPU
		{2B52247F-B213-4696-AFE2-7A9F26F85A6F}.Debug|Any CPU.ActiveCfg = Debug|Any CPU
		{2B52247F-B213-4696-AFE2-7A9F26F85A6F}.Debug|Any CPU.Build.0 = Debug|Any CPU
		{2B52247F-B213-4696-AFE2-7A9F26F85A6F}.Release|Any CPU.ActiveCfg = Release|Any CPU
		{2B52247F-B213-4696-AFE2-7A9F26F85A6F}.Release|Any CPU.Build.0 = Release|Any CPU
	EndGlobalSection
	GlobalSection(SolutionProperties) = preSolution
		HideSolutionNode = FALSE
	EndGlobalSection
	GlobalSection(ExtensibilityGlobals) = postSolution
		SolutionGuid = {20FADA3A-F461-4A10-BB80-BEFDD802815D}
	EndGlobalSection
EndGlobal
